// !$*UTF8*$!
{
	archiveVersion = 1;
	classes = {
	};
	objectVersion = 55;
	objects = {

/* Begin PBXBuildFile section */
		A46632672781A16800A36F65 /* AppDelegate.swift in Sources */ = {isa = PBXBuildFile; fileRef = A46632662781A16800A36F65 /* AppDelegate.swift */; };
		A46632692781A16800A36F65 /* SceneDelegate.swift in Sources */ = {isa = PBXBuildFile; fileRef = A46632682781A16800A36F65 /* SceneDelegate.swift */; };
		A466326B2781A16800A36F65 /* ViewController.swift in Sources */ = {isa = PBXBuildFile; fileRef = A466326A2781A16800A36F65 /* ViewController.swift */; };
		A46632702781A16E00A36F65 /* Assets.xcassets in Resources */ = {isa = PBXBuildFile; fileRef = A466326F2781A16E00A36F65 /* Assets.xcassets */; };
		A46632732781A16E00A36F65 /* LaunchScreen.storyboard in Resources */ = {isa = PBXBuildFile; fileRef = A46632712781A16E00A36F65 /* LaunchScreen.storyboard */; };
		A466327E2781A16E00A36F65 /* CounterAppTests.swift in Sources */ = {isa = PBXBuildFile; fileRef = A466327D2781A16E00A36F65 /* CounterAppTests.swift */; };
		A46632882781A16E00A36F65 /* CounterAppUITests.swift in Sources */ = {isa = PBXBuildFile; fileRef = A46632872781A16E00A36F65 /* CounterAppUITests.swift */; };
		A466328A2781A16E00A36F65 /* CounterAppUITestsLaunchTests.swift in Sources */ = {isa = PBXBuildFile; fileRef = A46632892781A16E00A36F65 /* CounterAppUITestsLaunchTests.swift */; };
		A46632972781A8DD00A36F65 /* CounterRx.storyboard in Resources */ = {isa = PBXBuildFile; fileRef = A46632962781A8DD00A36F65 /* CounterRx.storyboard */; };
		A46632992782E00300A36F65 /* RxViewModelInput.swift in Sources */ = {isa = PBXBuildFile; fileRef = A46632982782E00300A36F65 /* RxViewModelInput.swift */; };
		A466329B2782E4D800A36F65 /* RxViewModel.swift in Sources */ = {isa = PBXBuildFile; fileRef = A466329A2782E4D800A36F65 /* RxViewModel.swift */; };
		FEF90024F8155B5BAB3F0DDC /* Pods_CounterApp.framework in Frameworks */ = {isa = PBXBuildFile; fileRef = AD140B56C45EC35421CDA4DC /* Pods_CounterApp.framework */; };
/* End PBXBuildFile section */

/* Begin PBXContainerItemProxy section */
		A466327A2781A16E00A36F65 /* PBXContainerItemProxy */ = {
			isa = PBXContainerItemProxy;
			containerPortal = A466325B2781A16800A36F65 /* Project object */;
			proxyType = 1;
			remoteGlobalIDString = A46632622781A16800A36F65;
			remoteInfo = CounterApp;
		};
		A46632842781A16E00A36F65 /* PBXContainerItemProxy */ = {
			isa = PBXContainerItemProxy;
			containerPortal = A466325B2781A16800A36F65 /* Project object */;
			proxyType = 1;
			remoteGlobalIDString = A46632622781A16800A36F65;
			remoteInfo = CounterApp;
		};
/* End PBXContainerItemProxy section */

/* Begin PBXFileReference section */
		0C424CB148B272C7BEE8E4E0 /* Pods-CounterApp.debug.xcconfig */ = {isa = PBXFileReference; includeInIndex = 1; lastKnownFileType = text.xcconfig; name = "Pods-CounterApp.debug.xcconfig"; path = "Target Support Files/Pods-CounterApp/Pods-CounterApp.debug.xcconfig"; sourceTree = "<group>"; };
		7F60FFEDB21479B8FAEDA45E /* Pods-CounterApp.release.xcconfig */ = {isa = PBXFileReference; includeInIndex = 1; lastKnownFileType = text.xcconfig; name = "Pods-CounterApp.release.xcconfig"; path = "Target Support Files/Pods-CounterApp/Pods-CounterApp.release.xcconfig"; sourceTree = "<group>"; };
		A46632632781A16800A36F65 /* CounterApp.app */ = {isa = PBXFileReference; explicitFileType = wrapper.application; includeInIndex = 0; path = CounterApp.app; sourceTree = BUILT_PRODUCTS_DIR; };
		A46632662781A16800A36F65 /* AppDelegate.swift */ = {isa = PBXFileReference; lastKnownFileType = sourcecode.swift; path = AppDelegate.swift; sourceTree = "<group>"; };
		A46632682781A16800A36F65 /* SceneDelegate.swift */ = {isa = PBXFileReference; lastKnownFileType = sourcecode.swift; path = SceneDelegate.swift; sourceTree = "<group>"; };
		A466326A2781A16800A36F65 /* ViewController.swift */ = {isa = PBXFileReference; lastKnownFileType = sourcecode.swift; path = ViewController.swift; sourceTree = "<group>"; };
		A466326F2781A16E00A36F65 /* Assets.xcassets */ = {isa = PBXFileReference; lastKnownFileType = folder.assetcatalog; path = Assets.xcassets; sourceTree = "<group>"; };
		A46632722781A16E00A36F65 /* Base */ = {isa = PBXFileReference; lastKnownFileType = file.storyboard; name = Base; path = Base.lproj/LaunchScreen.storyboard; sourceTree = "<group>"; };
		A46632742781A16E00A36F65 /* Info.plist */ = {isa = PBXFileReference; lastKnownFileType = text.plist.xml; path = Info.plist; sourceTree = "<group>"; };
		A46632792781A16E00A36F65 /* CounterAppTests.xctest */ = {isa = PBXFileReference; explicitFileType = wrapper.cfbundle; includeInIndex = 0; path = CounterAppTests.xctest; sourceTree = BUILT_PRODUCTS_DIR; };
		A466327D2781A16E00A36F65 /* CounterAppTests.swift */ = {isa = PBXFileReference; lastKnownFileType = sourcecode.swift; path = CounterAppTests.swift; sourceTree = "<group>"; };
		A46632832781A16E00A36F65 /* CounterAppUITests.xctest */ = {isa = PBXFileReference; explicitFileType = wrapper.cfbundle; includeInIndex = 0; path = CounterAppUITests.xctest; sourceTree = BUILT_PRODUCTS_DIR; };
		A46632872781A16E00A36F65 /* CounterAppUITests.swift */ = {isa = PBXFileReference; lastKnownFileType = sourcecode.swift; path = CounterAppUITests.swift; sourceTree = "<group>"; };
		A46632892781A16E00A36F65 /* CounterAppUITestsLaunchTests.swift */ = {isa = PBXFileReference; lastKnownFileType = sourcecode.swift; path = CounterAppUITestsLaunchTests.swift; sourceTree = "<group>"; };
		A46632962781A8DD00A36F65 /* CounterRx.storyboard */ = {isa = PBXFileReference; lastKnownFileType = file.storyboard; path = CounterRx.storyboard; sourceTree = "<group>"; };
		A46632982782E00300A36F65 /* RxViewModelInput.swift */ = {isa = PBXFileReference; lastKnownFileType = sourcecode.swift; path = RxViewModelInput.swift; sourceTree = "<group>"; };
		A466329A2782E4D800A36F65 /* RxViewModel.swift */ = {isa = PBXFileReference; lastKnownFileType = sourcecode.swift; path = RxViewModel.swift; sourceTree = "<group>"; };
		AD140B56C45EC35421CDA4DC /* Pods_CounterApp.framework */ = {isa = PBXFileReference; explicitFileType = wrapper.framework; includeInIndex = 0; path = Pods_CounterApp.framework; sourceTree = BUILT_PRODUCTS_DIR; };
/* End PBXFileReference section */

/* Begin PBXFrameworksBuildPhase section */
		A46632602781A16800A36F65 /* Frameworks */ = {
			isa = PBXFrameworksBuildPhase;
			buildActionMask = 2147483647;
			files = (
				FEF90024F8155B5BAB3F0DDC /* Pods_CounterApp.framework in Frameworks */,
			);
			runOnlyForDeploymentPostprocessing = 0;
		};
		A46632762781A16E00A36F65 /* Frameworks */ = {
			isa = PBXFrameworksBuildPhase;
			buildActionMask = 2147483647;
			files = (
			);
			runOnlyForDeploymentPostprocessing = 0;
		};
		A46632802781A16E00A36F65 /* Frameworks */ = {
			isa = PBXFrameworksBuildPhase;
			buildActionMask = 2147483647;
			files = (
			);
			runOnlyForDeploymentPostprocessing = 0;
		};
/* End PBXFrameworksBuildPhase section */

/* Begin PBXGroup section */
		014630A51719BC66685F9D18 /* Frameworks */ = {
			isa = PBXGroup;
			children = (
				AD140B56C45EC35421CDA4DC /* Pods_CounterApp.framework */,
			);
			name = Frameworks;
			sourceTree = "<group>";
		};
		0BD15B187B5E5F5461D30D2B /* Pods */ = {
			isa = PBXGroup;
			children = (
				0C424CB148B272C7BEE8E4E0 /* Pods-CounterApp.debug.xcconfig */,
				7F60FFEDB21479B8FAEDA45E /* Pods-CounterApp.release.xcconfig */,
			);
			path = Pods;
			sourceTree = "<group>";
		};
		A466325A2781A16800A36F65 = {
			isa = PBXGroup;
			children = (
				A46632652781A16800A36F65 /* CounterApp */,
				A466327C2781A16E00A36F65 /* CounterAppTests */,
				A46632862781A16E00A36F65 /* CounterAppUITests */,
				A46632642781A16800A36F65 /* Products */,
				0BD15B187B5E5F5461D30D2B /* Pods */,
				014630A51719BC66685F9D18 /* Frameworks */,
			);
			sourceTree = "<group>";
		};
		A46632642781A16800A36F65 /* Products */ = {
			isa = PBXGroup;
			children = (
				A46632632781A16800A36F65 /* CounterApp.app */,
				A46632792781A16E00A36F65 /* CounterAppTests.xctest */,
				A46632832781A16E00A36F65 /* CounterAppUITests.xctest */,
			);
			name = Products;
			sourceTree = "<group>";
		};
		A46632652781A16800A36F65 /* CounterApp */ = {
			isa = PBXGroup;
			children = (
				A46632662781A16800A36F65 /* AppDelegate.swift */,
				A46632682781A16800A36F65 /* SceneDelegate.swift */,
				A466326A2781A16800A36F65 /* ViewController.swift */,
				A466329A2782E4D800A36F65 /* RxViewModel.swift */,
				A46632982782E00300A36F65 /* RxViewModelInput.swift */,
				A466326F2781A16E00A36F65 /* Assets.xcassets */,
				A46632712781A16E00A36F65 /* LaunchScreen.storyboard */,
				A46632962781A8DD00A36F65 /* CounterRx.storyboard */,
				A46632742781A16E00A36F65 /* Info.plist */,
			);
			path = CounterApp;
			sourceTree = "<group>";
		};
		A466327C2781A16E00A36F65 /* CounterAppTests */ = {
			isa = PBXGroup;
			children = (
				A466327D2781A16E00A36F65 /* CounterAppTests.swift */,
			);
			path = CounterAppTests;
			sourceTree = "<group>";
		};
		A46632862781A16E00A36F65 /* CounterAppUITests */ = {
			isa = PBXGroup;
			children = (
				A46632872781A16E00A36F65 /* CounterAppUITests.swift */,
				A46632892781A16E00A36F65 /* CounterAppUITestsLaunchTests.swift */,
			);
			path = CounterAppUITests;
			sourceTree = "<group>";
		};
/* End PBXGroup section */

/* Begin PBXNativeTarget section */
		A46632622781A16800A36F65 /* CounterApp */ = {
			isa = PBXNativeTarget;
			buildConfigurationList = A466328D2781A16E00A36F65 /* Build configuration list for PBXNativeTarget "CounterApp" */;
			buildPhases = (
				01077C866E1EFA4B75E8E211 /* [CP] Check Pods Manifest.lock */,
				A466325F2781A16800A36F65 /* Sources */,
				A46632602781A16800A36F65 /* Frameworks */,
				A46632612781A16800A36F65 /* Resources */,
				3DA17C6DBEB635F9F63C2192 /* [CP] Embed Pods Frameworks */,
			);
			buildRules = (
			);
			dependencies = (
			);
			name = CounterApp;
			productName = CounterApp;
			productReference = A46632632781A16800A36F65 /* CounterApp.app */;
			productType = "com.apple.product-type.application";
		};
		A46632782781A16E00A36F65 /* CounterAppTests */ = {
			isa = PBXNativeTarget;
			buildConfigurationList = A46632902781A16E00A36F65 /* Build configuration list for PBXNativeTarget "CounterAppTests" */;
			buildPhases = (
				A46632752781A16E00A36F65 /* Sources */,
				A46632762781A16E00A36F65 /* Frameworks */,
				A46632772781A16E00A36F65 /* Resources */,
			);
			buildRules = (
			);
			dependencies = (
				A466327B2781A16E00A36F65 /* PBXTargetDependency */,
			);
			name = CounterAppTests;
			productName = CounterAppTests;
			productReference = A46632792781A16E00A36F65 /* CounterAppTests.xctest */;
			productType = "com.apple.product-type.bundle.unit-test";
		};
		A46632822781A16E00A36F65 /* CounterAppUITests */ = {
			isa = PBXNativeTarget;
			buildConfigurationList = A46632932781A16E00A36F65 /* Build configuration list for PBXNativeTarget "CounterAppUITests" */;
			buildPhases = (
				A466327F2781A16E00A36F65 /* Sources */,
				A46632802781A16E00A36F65 /* Frameworks */,
				A46632812781A16E00A36F65 /* Resources */,
			);
			buildRules = (
			);
			dependencies = (
				A46632852781A16E00A36F65 /* PBXTargetDependency */,
			);
			name = CounterAppUITests;
			productName = CounterAppUITests;
			productReference = A46632832781A16E00A36F65 /* CounterAppUITests.xctest */;
			productType = "com.apple.product-type.bundle.ui-testing";
		};
/* End PBXNativeTarget section */

/* Begin PBXProject section */
		A466325B2781A16800A36F65 /* Project object */ = {
			isa = PBXProject;
			attributes = {
				BuildIndependentTargetsInParallel = 1;
				LastSwiftUpdateCheck = 1320;
				LastUpgradeCheck = 1320;
				TargetAttributes = {
					A46632622781A16800A36F65 = {
						CreatedOnToolsVersion = 13.2.1;
					};
					A46632782781A16E00A36F65 = {
						CreatedOnToolsVersion = 13.2.1;
						TestTargetID = A46632622781A16800A36F65;
					};
					A46632822781A16E00A36F65 = {
						CreatedOnToolsVersion = 13.2.1;
						TestTargetID = A46632622781A16800A36F65;
					};
				};
			};
			buildConfigurationList = A466325E2781A16800A36F65 /* Build configuration list for PBXProject "CounterApp" */;
			compatibilityVersion = "Xcode 13.0";
			developmentRegion = en;
			hasScannedForEncodings = 0;
			knownRegions = (
				en,
				Base,
			);
			mainGroup = A466325A2781A16800A36F65;
			productRefGroup = A46632642781A16800A36F65 /* Products */;
			projectDirPath = "";
			projectRoot = "";
			targets = (
				A46632622781A16800A36F65 /* CounterApp */,
				A46632782781A16E00A36F65 /* CounterAppTests */,
				A46632822781A16E00A36F65 /* CounterAppUITests */,
			);
		};
/* End PBXProject section */

/* Begin PBXResourcesBuildPhase section */
		A46632612781A16800A36F65 /* Resources */ = {
			isa = PBXResourcesBuildPhase;
			buildActionMask = 2147483647;
			files = (
				A46632732781A16E00A36F65 /* LaunchScreen.storyboard in Resources */,
				A46632972781A8DD00A36F65 /* CounterRx.storyboard in Resources */,
				A46632702781A16E00A36F65 /* Assets.xcassets in Resources */,
			);
			runOnlyForDeploymentPostprocessing = 0;
		};
		A46632772781A16E00A36F65 /* Resources */ = {
			isa = PBXResourcesBuildPhase;
			buildActionMask = 2147483647;
			files = (
			);
			runOnlyForDeploymentPostprocessing = 0;
		};
		A46632812781A16E00A36F65 /* Resources */ = {
			isa = PBXResourcesBuildPhase;
			buildActionMask = 2147483647;
			files = (
			);
			runOnlyForDeploymentPostprocessing = 0;
		};
/* End PBXResourcesBuildPhase section */

/* Begin PBXShellScriptBuildPhase section */
		01077C866E1EFA4B75E8E211 /* [CP] Check Pods Manifest.lock */ = {
			isa = PBXShellScriptBuildPhase;
			buildActionMask = 2147483647;
			files = (
			);
			inputFileListPaths = (
			);
			inputPaths = (
				"${PODS_PODFILE_DIR_PATH}/Podfile.lock",
				"${PODS_ROOT}/Manifest.lock",
			);
			name = "[CP] Check Pods Manifest.lock";
			outputFileListPaths = (
			);
			outputPaths = (
				"$(DERIVED_FILE_DIR)/Pods-CounterApp-checkManifestLockResult.txt",
			);
			runOnlyForDeploymentPostprocessing = 0;
			shellPath = /bin/sh;
			shellScript = "diff \"${PODS_PODFILE_DIR_PATH}/Podfile.lock\" \"${PODS_ROOT}/Manifest.lock\" > /dev/null\nif [ $? != 0 ] ; then\n    # print error to STDERR\n    echo \"error: The sandbox is not in sync with the Podfile.lock. Run 'pod install' or update your CocoaPods installation.\" >&2\n    exit 1\nfi\n# This output is used by Xcode 'outputs' to avoid re-running this script phase.\necho \"SUCCESS\" > \"${SCRIPT_OUTPUT_FILE_0}\"\n";
			showEnvVarsInLog = 0;
		};
		3DA17C6DBEB635F9F63C2192 /* [CP] Embed Pods Frameworks */ = {
			isa = PBXShellScriptBuildPhase;
			buildActionMask = 2147483647;
			files = (
			);
			inputFileListPaths = (
				"${PODS_ROOT}/Target Support Files/Pods-CounterApp/Pods-CounterApp-frameworks-${CONFIGURATION}-input-files.xcfilelist",
			);
			name = "[CP] Embed Pods Frameworks";
			outputFileListPaths = (
				"${PODS_ROOT}/Target Support Files/Pods-CounterApp/Pods-CounterApp-frameworks-${CONFIGURATION}-output-files.xcfilelist",
			);
			runOnlyForDeploymentPostprocessing = 0;
			shellPath = /bin/sh;
			shellScript = "\"${PODS_ROOT}/Target Support Files/Pods-CounterApp/Pods-CounterApp-frameworks.sh\"\n";
			showEnvVarsInLog = 0;
		};
/* End PBXShellScriptBuildPhase section */

/* Begin PBXSourcesBuildPhase section */
		A466325F2781A16800A36F65 /* Sources */ = {
			isa = PBXSourcesBuildPhase;
			buildActionMask = 2147483647;
			files = (
				A466326B2781A16800A36F65 /* ViewController.swift in Sources */,
				A466329B2782E4D800A36F65 /* RxViewModel.swift in Sources */,
				A46632672781A16800A36F65 /* AppDelegate.swift in Sources */,
				A46632992782E00300A36F65 /* RxViewModelInput.swift in Sources */,
				A46632692781A16800A36F65 /* SceneDelegate.swift in Sources */,
			);
			runOnlyForDeploymentPostprocessing = 0;
		};
		A46632752781A16E00A36F65 /* Sources */ = {
			isa = PBXSourcesBuildPhase;
			buildActionMask = 2147483647;
			files = (
				A466327E2781A16E00A36F65 /* CounterAppTests.swift in Sources */,
			);
			runOnlyForDeploymentPostprocessing = 0;
		};
		A466327F2781A16E00A36F65 /* Sources */ = {
			isa = PBXSourcesBuildPhase;
			buildActionMask = 2147483647;
			files = (
				A46632882781A16E00A36F65 /* CounterAppUITests.swift in Sources */,
				A466328A2781A16E00A36F65 /* CounterAppUITestsLaunchTests.swift in Sources */,
			);
			runOnlyForDeploymentPostprocessing = 0;
		};
/* End PBXSourcesBuildPhase section */

/* Begin PBXTargetDependency section */
		A466327B2781A16E00A36F65 /* PBXTargetDependency */ = {
			isa = PBXTargetDependency;
			target = A46632622781A16800A36F65 /* CounterApp */;
			targetProxy = A466327A2781A16E00A36F65 /* PBXContainerItemProxy */;
		};
		A46632852781A16E00A36F65 /* PBXTargetDependency */ = {
			isa = PBXTargetDependency;
			target = A46632622781A16800A36F65 /* CounterApp */;
			targetProxy = A46632842781A16E00A36F65 /* PBXContainerItemProxy */;
		};
/* End PBXTargetDependency section */

/* Begin PBXVariantGroup section */
		A46632712781A16E00A36F65 /* LaunchScreen.storyboard */ = {
			isa = PBXVariantGroup;
			children = (
				A46632722781A16E00A36F65 /* Base */,
			);
			name = LaunchScreen.storyboard;
			sourceTree = "<group>";
		};
/* End PBXVariantGroup section */

/* Begin XCBuildConfiguration section */
		A466328B2781A16E00A36F65 /* Debug */ = {
			isa = XCBuildConfiguration;
			buildSettings = {
				ALWAYS_SEARCH_USER_PATHS = NO;
				CLANG_ANALYZER_NONNULL = YES;
				CLANG_ANALYZER_NUMBER_OBJECT_CONVERSION = YES_AGGRESSIVE;
				CLANG_CXX_LANGUAGE_STANDARD = "gnu++17";
				CLANG_CXX_LIBRARY = "libc++";
				CLANG_ENABLE_MODULES = YES;
				CLANG_ENABLE_OBJC_ARC = YES;
				CLANG_ENABLE_OBJC_WEAK = YES;
				CLANG_WARN_BLOCK_CAPTURE_AUTORELEASING = YES;
				CLANG_WARN_BOOL_CONVERSION = YES;
				CLANG_WARN_COMMA = YES;
				CLANG_WARN_CONSTANT_CONVERSION = YES;
				CLANG_WARN_DEPRECATED_OBJC_IMPLEMENTATIONS = YES;
				CLANG_WARN_DIRECT_OBJC_ISA_USAGE = YES_ERROR;
				CLANG_WARN_DOCUMENTATION_COMMENTS = YES;
				CLANG_WARN_EMPTY_BODY = YES;
				CLANG_WARN_ENUM_CONVERSION = YES;
				CLANG_WARN_INFINITE_RECURSION = YES;
				CLANG_WARN_INT_CONVERSION = YES;
				CLANG_WARN_NON_LITERAL_NULL_CONVERSION = YES;
				CLANG_WARN_OBJC_IMPLICIT_RETAIN_SELF = YES;
				CLANG_WARN_OBJC_LITERAL_CONVERSION = YES;
				CLANG_WARN_OBJC_ROOT_CLASS = YES_ERROR;
				CLANG_WARN_QUOTED_INCLUDE_IN_FRAMEWORK_HEADER = YES;
				CLANG_WARN_RANGE_LOOP_ANALYSIS = YES;
				CLANG_WARN_STRICT_PROTOTYPES = YES;
				CLANG_WARN_SUSPICIOUS_MOVE = YES;
				CLANG_WARN_UNGUARDED_AVAILABILITY = YES_AGGRESSIVE;
				CLANG_WARN_UNREACHABLE_CODE = YES;
				CLANG_WARN__DUPLICATE_METHOD_MATCH = YES;
				COPY_PHASE_STRIP = NO;
				DEBUG_INFORMATION_FORMAT = dwarf;
				ENABLE_STRICT_OBJC_MSGSEND = YES;
				ENABLE_TESTABILITY = YES;
				GCC_C_LANGUAGE_STANDARD = gnu11;
				GCC_DYNAMIC_NO_PIC = NO;
				GCC_NO_COMMON_BLOCKS = YES;
				GCC_OPTIMIZATION_LEVEL = 0;
				GCC_PREPROCESSOR_DEFINITIONS = (
					"DEBUG=1",
					"$(inherited)",
				);
				GCC_WARN_64_TO_32_BIT_CONVERSION = YES;
				GCC_WARN_ABOUT_RETURN_TYPE = YES_ERROR;
				GCC_WARN_UNDECLARED_SELECTOR = YES;
				GCC_WARN_UNINITIALIZED_AUTOS = YES_AGGRESSIVE;
				GCC_WARN_UNUSED_FUNCTION = YES;
				GCC_WARN_UNUSED_VARIABLE = YES;
				IPHONEOS_DEPLOYMENT_TARGET = 15.2;
				MTL_ENABLE_DEBUG_INFO = INCLUDE_SOURCE;
				MTL_FAST_MATH = YES;
				ONLY_ACTIVE_ARCH = YES;
				SDKROOT = iphoneos;
				SWIFT_ACTIVE_COMPILATION_CONDITIONS = DEBUG;
				SWIFT_OPTIMIZATION_LEVEL = "-Onone";
			};
			name = Debug;
		};
		A466328C2781A16E00A36F65 /* Release */ = {
			isa = XCBuildConfiguration;
			buildSettings = {
				ALWAYS_SEARCH_USER_PATHS = NO;
				CLANG_ANALYZER_NONNULL = YES;
				CLANG_ANALYZER_NUMBER_OBJECT_CONVERSION = YES_AGGRESSIVE;
				CLANG_CXX_LANGUAGE_STANDARD = "gnu++17";
				CLANG_CXX_LIBRARY = "libc++";
				CLANG_ENABLE_MODULES = YES;
				CLANG_ENABLE_OBJC_ARC = YES;
				CLANG_ENABLE_OBJC_WEAK = YES;
				CLANG_WARN_BLOCK_CAPTURE_AUTORELEASING = YES;
				CLANG_WARN_BOOL_CONVERSION = YES;
				CLANG_WARN_COMMA = YES;
				CLANG_WARN_CONSTANT_CONVERSION = YES;
				CLANG_WARN_DEPRECATED_OBJC_IMPLEMENTATIONS = YES;
				CLANG_WARN_DIRECT_OBJC_ISA_USAGE = YES_ERROR;
				CLANG_WARN_DOCUMENTATION_COMMENTS = YES;
				CLANG_WARN_EMPTY_BODY = YES;
				CLANG_WARN_ENUM_CONVERSION = YES;
				CLANG_WARN_INFINITE_RECURSION = YES;
				CLANG_WARN_INT_CONVERSION = YES;
				CLANG_WARN_NON_LITERAL_NULL_CONVERSION = YES;
				CLANG_WARN_OBJC_IMPLICIT_RETAIN_SELF = YES;
				CLANG_WARN_OBJC_LITERAL_CONVERSION = YES;
				CLANG_WARN_OBJC_ROOT_CLASS = YES_ERROR;
				CLANG_WARN_QUOTED_INCLUDE_IN_FRAMEWORK_HEADER = YES;
				CLANG_WARN_RANGE_LOOP_ANALYSIS = YES;
				CLANG_WARN_STRICT_PROTOTYPES = YES;
				CLANG_WARN_SUSPICIOUS_MOVE = YES;
				CLANG_WARN_UNGUARDED_AVAILABILITY = YES_AGGRESSIVE;
				CLANG_WARN_UNREACHABLE_CODE = YES;
				CLANG_WARN__DUPLICATE_METHOD_MATCH = YES;
				COPY_PHASE_STRIP = NO;
				DEBUG_INFORMATION_FORMAT = "dwarf-with-dsym";
				ENABLE_NS_ASSERTIONS = NO;
				ENABLE_STRICT_OBJC_MSGSEND = YES;
				GCC_C_LANGUAGE_STANDARD = gnu11;
				GCC_NO_COMMON_BLOCKS = YES;
				GCC_WARN_64_TO_32_BIT_CONVERSION = YES;
				GCC_WARN_ABOUT_RETURN_TYPE = YES_ERROR;
				GCC_WARN_UNDECLARED_SELECTOR = YES;
				GCC_WARN_UNINITIALIZED_AUTOS = YES_AGGRESSIVE;
				GCC_WARN_UNUSED_FUNCTION = YES;
				GCC_WARN_UNUSED_VARIABLE = YES;
				IPHONEOS_DEPLOYMENT_TARGET = 15.2;
				MTL_ENABLE_DEBUG_INFO = NO;
				MTL_FAST_MATH = YES;
				SDKROOT = iphoneos;
				SWIFT_COMPILATION_MODE = wholemodule;
				SWIFT_OPTIMIZATION_LEVEL = "-O";
				VALIDATE_PRODUCT = YES;
			};
			name = Release;
		};
		A466328E2781A16E00A36F65 /* Debug */ = {
			isa = XCBuildConfiguration;
			baseConfigurationReference = 0C424CB148B272C7BEE8E4E0 /* Pods-CounterApp.debug.xcconfig */;
			buildSettings = {
				ASSETCATALOG_COMPILER_APPICON_NAME = AppIcon;
				ASSETCATALOG_COMPILER_GLOBAL_ACCENT_COLOR_NAME = AccentColor;
				CODE_SIGN_STYLE = Automatic;
				CURRENT_PROJECT_VERSION = 1;
				DEVELOPMENT_TEAM = 8HSC6WJMH6;
				GENERATE_INFOPLIST_FILE = YES;
				INFOPLIST_FILE = CounterApp/Info.plist;
				INFOPLIST_KEY_UIApplicationSupportsIndirectInputEvents = YES;
				INFOPLIST_KEY_UILaunchStoryboardName = LaunchScreen;
				INFOPLIST_KEY_UIMainStoryboardFile = CounterRx;
				INFOPLIST_KEY_UISupportedInterfaceOrientations_iPad = "UIInterfaceOrientationPortrait UIInterfaceOrientationPortraitUpsideDown UIInterfaceOrientationLandscapeLeft UIInterfaceOrientationLandscapeRight";
				INFOPLIST_KEY_UISupportedInterfaceOrientations_iPhone = "UIInterfaceOrientationPortrait UIInterfaceOrientationLandscapeLeft UIInterfaceOrientationLandscapeRight";
				LD_RUNPATH_SEARCH_PATHS = (
					"$(inherited)",
					"@executable_path/Frameworks",
				);
				MARKETING_VERSION = 1.0;
				PRODUCT_BUNDLE_IDENTIFIER = jp.techacademy.kazuma.miura2.CounterApp;
				PRODUCT_NAME = "$(TARGET_NAME)";
				SWIFT_EMIT_LOC_STRINGS = YES;
				SWIFT_VERSION = 5.0;
				TARGETED_DEVICE_FAMILY = "1,2";
			};
			name = Debug;
		};
		A466328F2781A16E00A36F65 /* Release */ = {
			isa = XCBuildConfiguration;
			baseConfigurationReference = 7F60FFEDB21479B8FAEDA45E /* Pods-CounterApp.release.xcconfig */;
			buildSettings = {
				ASSETCATALOG_COMPILER_APPICON_NAME = AppIcon;
				ASSETCATALOG_COMPILER_GLOBAL_ACCENT_COLOR_NAME = AccentColor;
				CODE_SIGN_STYLE = Automatic;
				CURRENT_PROJECT_VERSION = 1;
				DEVELOPMENT_TEAM = 8HSC6WJMH6;
				GENERATE_INFOPLIST_FILE = YES;
				INFOPLIST_FILE = CounterApp/Info.plist;
				INFOPLIST_KEY_UIApplicationSupportsIndirectInputEvents = YES;
				INFOPLIST_KEY_UILaunchStoryboardName = LaunchScreen;
				INFOPLIST_KEY_UIMainStoryboardFile = CounterRx;
				INFOPLIST_KEY_UISupportedInterfaceOrientations_iPad = "UIInterfaceOrientationPortrait UIInterfaceOrientationPortraitUpsideDown UIInterfaceOrientationLandscapeLeft UIInterfaceOrientationLandscapeRight";
				INFOPLIST_KEY_UISupportedInterfaceOrientations_iPhone = "UIInterfaceOrientationPortrait UIInterfaceOrientationLandscapeLeft UIInterfaceOrientationLandscapeRight";
				LD_RUNPATH_SEARCH_PATHS = (
					"$(inherited)",
					"@executable_path/Frameworks",
				);
				MARKETING_VERSION = 1.0;
				PRODUCT_BUNDLE_IDENTIFIER = jp.techacademy.kazuma.miura2.CounterApp;
				PRODUCT_NAME = "$(TARGET_NAME)";
				SWIFT_EMIT_LOC_STRINGS = YES;
				SWIFT_VERSION = 5.0;
				TARGETED_DEVICE_FAMILY = "1,2";
			};
			name = Release;
		};
		A46632912781A16E00A36F65 /* Debug */ = {
			isa = XCBuildConfiguration;
			buildSettings = {
				ALWAYS_EMBED_SWIFT_STANDARD_LIBRARIES = YES;
				BUNDLE_LOADER = "$(TEST_HOST)";
				CODE_SIGN_STYLE = Automatic;
				CURRENT_PROJECT_VERSION = 1;
				DEVELOPMENT_TEAM = 8HSC6WJMH6;
				GENERATE_INFOPLIST_FILE = YES;
				IPHONEOS_DEPLOYMENT_TARGET = 15.2;
				MARKETING_VERSION = 1.0;
				PRODUCT_BUNDLE_IDENTIFIER = jp.techacademy.kazuma.miura2.CounterAppTests;
				PRODUCT_NAME = "$(TARGET_NAME)";
				SWIFT_EMIT_LOC_STRINGS = NO;
				SWIFT_VERSION = 5.0;
				TARGETED_DEVICE_FAMILY = "1,2";
				TEST_HOST = "$(BUILT_PRODUCTS_DIR)/CounterApp.app/CounterApp";
			};
			name = Debug;
		};
		A46632922781A16E00A36F65 /* Release */ = {
			isa = XCBuildConfiguration;
			buildSettings = {
				ALWAYS_EMBED_SWIFT_STANDARD_LIBRARIES = YES;
				BUNDLE_LOADER = "$(TEST_HOST)";
				CODE_SIGN_STYLE = Automatic;
				CURRENT_PROJECT_VERSION = 1;
				DEVELOPMENT_TEAM = 8HSC6WJMH6;
				GENERATE_INFOPLIST_FILE = YES;
				IPHONEOS_DEPLOYMENT_TARGET = 15.2;
				MARKETING_VERSION = 1.0;
				PRODUCT_BUNDLE_IDENTIFIER = jp.techacademy.kazuma.miura2.CounterAppTests;
				PRODUCT_NAME = "$(TARGET_NAME)";
				SWIFT_EMIT_LOC_STRINGS = NO;
				SWIFT_VERSION = 5.0;
				TARGETED_DEVICE_FAMILY = "1,2";
				TEST_HOST = "$(BUILT_PRODUCTS_DIR)/CounterApp.app/CounterApp";
			};
			name = Release;
		};
		A46632942781A16E00A36F65 /* Debug */ = {
			isa = XCBuildConfiguration;
			buildSettings = {
				ALWAYS_EMBED_SWIFT_STANDARD_LIBRARIES = YES;
				CODE_SIGN_STYLE = Automatic;
				CURRENT_PROJECT_VERSION = 1;
				DEVELOPMENT_TEAM = 8HSC6WJMH6;
				GENERATE_INFOPLIST_FILE = YES;
				MARKETING_VERSION = 1.0;
				PRODUCT_BUNDLE_IDENTIFIER = jp.techacademy.kazuma.miura2.CounterAppUITests;
				PRODUCT_NAME = "$(TARGET_NAME)";
				SWIFT_EMIT_LOC_STRINGS = NO;
				SWIFT_VERSION = 5.0;
				TARGETED_DEVICE_FAMILY = "1,2";
				TEST_TARGET_NAME = CounterApp;
			};
			name = Debug;
		};
		A46632952781A16E00A36F65 /* Release */ = {
			isa = XCBuildConfiguration;
			buildSettings = {
				ALWAYS_EMBED_SWIFT_STANDARD_LIBRARIES = YES;
				CODE_SIGN_STYLE = Automatic;
				CURRENT_PROJECT_VERSION = 1;
				DEVELOPMENT_TEAM = 8HSC6WJMH6;
				GENERATE_INFOPLIST_FILE = YES;
				MARKETING_VERSION = 1.0;
				PRODUCT_BUNDLE_IDENTIFIER = jp.techacademy.kazuma.miura2.CounterAppUITests;
				PRODUCT_NAME = "$(TARGET_NAME)";
				SWIFT_EMIT_LOC_STRINGS = NO;
				SWIFT_VERSION = 5.0;
				TARGETED_DEVICE_FAMILY = "1,2";
				TEST_TARGET_NAME = CounterApp;
			};
			name = Release;
		};
/* End XCBuildConfiguration section */

/* Begin XCConfigurationList section */
		A466325E2781A16800A36F65 /* Build configuration list for PBXProject "CounterApp" */ = {
			isa = XCConfigurationList;
			buildConfigurations = (
				A466328B2781A16E00A36F65 /* Debug */,
				A466328C2781A16E00A36F65 /* Release */,
			);
			defaultConfigurationIsVisible = 0;
			defaultConfigurationName = Release;
		};
		A466328D2781A16E00A36F65 /* Build configuration list for PBXNativeTarget "CounterApp" */ = {
			isa = XCConfigurationList;
			buildConfigurations = (
				A466328E2781A16E00A36F65 /* Debug */,
				A466328F2781A16E00A36F65 /* Release */,
			);
			defaultConfigurationIsVisible = 0;
			defaultConfigurationName = Release;
		};
		A46632902781A16E00A36F65 /* Build configuration list for PBXNativeTarget "CounterAppTests" */ = {
			isa = XCConfigurationList;
			buildConfigurations = (
				A46632912781A16E00A36F65 /* Debug */,
				A46632922781A16E00A36F65 /* Release */,
			);
			defaultConfigurationIsVisible = 0;
			defaultConfigurationName = Release;
		};
		A46632932781A16E00A36F65 /* Build configuration list for PBXNativeTarget "CounterAppUITests" */ = {
			isa = XCConfigurationList;
			buildConfigurations = (
				A46632942781A16E00A36F65 /* Debug */,
				A46632952781A16E00A36F65 /* Release */,
			);
			defaultConfigurationIsVisible = 0;
			defaultConfigurationName = Release;
		};
/* End XCConfigurationList section */
	};
	rootObject = A466325B2781A16800A36F65 /* Project object */;
}
